
Microsoft Visual Studio Solution File, Format Version 12.00
# Visual Studio 15
VisualStudioVersion = 15.0.28307.572
MinimumVisualStudioVersion = 10.0.40219.1
Project("{FAE04EC0-301F-11D3-BF4B-00C04F79EFBC}") = "DesktopApp", "DesktopApp\DesktopApp.csproj", "{6F08C2BF-0D2A-4ABA-8FC5-5468DF7FB815}"
EndProject
Global
	GlobalSection(SolutionConfigurationPlatforms) = preSolution
		Debug|Any CPU = Debug|Any CPU
		Release|Any CPU = Release|Any CPU
	EndGlobalSection
	GlobalSection(ProjectConfigurationPlatforms) = postSolution
		{6F08C2BF-0D2A-4ABA-8FC5-5468DF7FB815}.Debug|Any CPU.ActiveCfg = Debug|Any CPU
		{6F08C2BF-0D2A-4ABA-8FC5-5468DF7FB815}.Debug|Any CPU.Build.0 = Debug|Any CPU
		{6F08C2BF-0D2A-4ABA-8FC5-5468DF7FB815}.Release|Any CPU.ActiveCfg = Release|Any CPU
		{6F08C2BF-0D2A-4ABA-8FC5-5468DF7FB815}.Release|Any CPU.Build.0 = Release|Any CPU
	EndGlobalSection
	GlobalSection(SolutionProperties) = preSolution
		HideSolutionNode = FALSE
	EndGlobalSection
	GlobalSection(ExtensibilityGlobals) = postSolution
		SolutionGuid = {F17AB7DA-3C49-498C-8F56-66E663872C88}
	EndGlobalSection
EndGlobal
